
Microsoft Visual Studio Solution File, Format Version 12.00
# Visual Studio Version 16
VisualStudioVersion = 16.0.32228.343
MinimumVisualStudioVersion = 10.0.40219.1
Project("{FAE04EC0-301F-11D3-BF4B-00C04F79EFBC}") = "Battleship.API", "Battleship.API\Battleship.API.csproj", "{463FA98E-B26D-4920-996D-F7627DAF9368}"
EndProject
Project("{FAE04EC0-301F-11D3-BF4B-00C04F79EFBC}") = "Battleship.Test", "Battleship.Test\Battleship.Test.csproj", "{7FC66DC3-CB02-4CC2-AB39-58634CD395C7}"
EndProject
Global
	GlobalSection(SolutionConfigurationPlatforms) = preSolution
		Debug|Any CPU = Debug|Any CPU
		Release|Any CPU = Release|Any CPU
	EndGlobalSection
	GlobalSection(ProjectConfigurationPlatforms) = postSolution
		{463FA98E-B26D-4920-996D-F7627DAF9368}.Debug|Any CPU.ActiveCfg = Debug|Any CPU
		{463FA98E-B26D-4920-996D-F7627DAF9368}.Debug|Any CPU.Build.0 = Debug|Any CPU
		{463FA98E-B26D-4920-996D-F7627DAF9368}.Release|Any CPU.ActiveCfg = Release|Any CPU
		{463FA98E-B26D-4920-996D-F7627DAF9368}.Release|Any CPU.Build.0 = Release|Any CPU
		{7FC66DC3-CB02-4CC2-AB39-58634CD395C7}.Debug|Any CPU.ActiveCfg = Debug|Any CPU
		{7FC66DC3-CB02-4CC2-AB39-58634CD395C7}.Debug|Any CPU.Build.0 = Debug|Any CPU
		{7FC66DC3-CB02-4CC2-AB39-58634CD395C7}.Release|Any CPU.ActiveCfg = Release|Any CPU
		{7FC66DC3-CB02-4CC2-AB39-58634CD395C7}.Release|Any CPU.Build.0 = Release|Any CPU
	EndGlobalSection
	GlobalSection(SolutionProperties) = preSolution
		HideSolutionNode = FALSE
	EndGlobalSection
	GlobalSection(ExtensibilityGlobals) = postSolution
		SolutionGuid = {A9C3E19A-A700-4427-917F-1D17A7C31FFF}
	EndGlobalSection
EndGlobal
